
Microsoft Visual Studio Solution File, Format Version 12.00
# Visual Studio 15
VisualStudioVersion = 15.0.28307.539
MinimumVisualStudioVersion = 10.0.40219.1
Project("{FAE04EC0-301F-11D3-BF4B-00C04F79EFBC}") = "WebApi", "WebApi\WebApi.csproj", "{C29C5DDD-4EAE-441C-B65E-1E00609235BE}"
EndProject
Project("{FAE04EC0-301F-11D3-BF4B-00C04F79EFBC}") = "MVCPro", "MVCPro\MVCPro.csproj", "{6469F0CF-1D7E-40E1-900A-4F703A972267}"
EndProject
Global
	GlobalSection(SolutionConfigurationPlatforms) = preSolution
		Debug|Any CPU = Debug|Any CPU
		Release|Any CPU = Release|Any CPU
	EndGlobalSection
	GlobalSection(ProjectConfigurationPlatforms) = postSolution
		{C29C5DDD-4EAE-441C-B65E-1E00609235BE}.Debug|Any CPU.ActiveCfg = Debug|Any CPU
		{C29C5DDD-4EAE-441C-B65E-1E00609235BE}.Debug|Any CPU.Build.0 = Debug|Any CPU
		{C29C5DDD-4EAE-441C-B65E-1E00609235BE}.Release|Any CPU.ActiveCfg = Release|Any CPU
		{C29C5DDD-4EAE-441C-B65E-1E00609235BE}.Release|Any CPU.Build.0 = Release|Any CPU
		{6469F0CF-1D7E-40E1-900A-4F703A972267}.Debug|Any CPU.ActiveCfg = Debug|Any CPU
		{6469F0CF-1D7E-40E1-900A-4F703A972267}.Debug|Any CPU.Build.0 = Debug|Any CPU
		{6469F0CF-1D7E-40E1-900A-4F703A972267}.Release|Any CPU.ActiveCfg = Release|Any CPU
		{6469F0CF-1D7E-40E1-900A-4F703A972267}.Release|Any CPU.Build.0 = Release|Any CPU
	EndGlobalSection
	GlobalSection(SolutionProperties) = preSolution
		HideSolutionNode = FALSE
	EndGlobalSection
	GlobalSection(ExtensibilityGlobals) = postSolution
		SolutionGuid = {92366D3F-3E6F-4450-B4FC-A0344C8473AD}
	EndGlobalSection
EndGlobal
